
Microsoft Visual Studio Solution File, Format Version 12.00
# Visual Studio Version 16
VisualStudioVersion = 16.0.31321.278
MinimumVisualStudioVersion = 10.0.40219.1
Project("{FAE04EC0-301F-11D3-BF4B-00C04F79EFBC}") = "IronPDF-bug-repro", "IronPDF-bug-repro.csproj", "{1E2642D4-09A5-4879-A37E-3318869D4D1B}"
EndProject
Global
	GlobalSection(SolutionConfigurationPlatforms) = preSolution
		Debug|Any CPU = Debug|Any CPU
		Release|Any CPU = Release|Any CPU
	EndGlobalSection
	GlobalSection(ProjectConfigurationPlatforms) = postSolution
		{1E2642D4-09A5-4879-A37E-3318869D4D1B}.Debug|Any CPU.ActiveCfg = Debug|Any CPU
		{1E2642D4-09A5-4879-A37E-3318869D4D1B}.Debug|Any CPU.Build.0 = Debug|Any CPU
		{1E2642D4-09A5-4879-A37E-3318869D4D1B}.Release|Any CPU.ActiveCfg = Release|Any CPU
		{1E2642D4-09A5-4879-A37E-3318869D4D1B}.Release|Any CPU.Build.0 = Release|Any CPU
	EndGlobalSection
	GlobalSection(SolutionProperties) = preSolution
		HideSolutionNode = FALSE
	EndGlobalSection
	GlobalSection(ExtensibilityGlobals) = postSolution
		SolutionGuid = {5DA194B8-A1BB-4386-B54C-FBCFB7C7FD29}
	EndGlobalSection
EndGlobal
